{
  "version": 4,
  "terraform_version": "1.13.5",
  "serial": 5,
  "lineage": "3271e48b-0fea-2b25-728b-f168917a017c",
  "outputs": {
    "account_id": {
      "value": "930262561435",
      "type": "string"
    }
  },
  "resources": [
    {
      "mode": "data",
      "type": "aws_caller_identity",
      "name": "current",
      "provider": "provider[\"registry.terraform.io/hashicorp/aws\"]",
      "instances": [
        {
          "schema_version": 0,
          "attributes": {
            "account_id": "930262561435",
            "arn": "arn:aws:iam::930262561435:user/student",
            "id": "930262561435",
            "user_id": "AIDA5RF7YGKNVRZBUMMUR"
          },
          "sensitive_attributes": [],
          "identity_schema_version": 0
        }
      ]
    },
    {
      "mode": "managed",
      "type": "aws_instance",
      "name": "redhat_server",
      "provider": "provider[\"registry.terraform.io/hashicorp/aws\"]",
      "instances": [
        {
          "schema_version": 2,
          "attributes": {
            "ami": "ami-026fc9b0dc11499dc",
            "arn": "arn:aws:ec2:us-west-2:930262561435:instance/i-0599c0c0b607c3c02",
            "associate_public_ip_address": true,
            "availability_zone": "us-west-2c",
            "capacity_reservation_specification": [
              {
                "capacity_reservation_preference": "open",
                "capacity_reservation_target": []
              }
            ],
            "cpu_options": [
              {
                "amd_sev_snp": "",
                "core_count": 1,
                "nested_virtualization": "",
                "threads_per_core": 1
              }
            ],
            "credit_specification": [
              {
                "cpu_credits": "standard"
              }
            ],
            "disable_api_stop": false,
            "disable_api_termination": false,
            "ebs_block_device": [],
            "ebs_optimized": false,
            "enable_primary_ipv6": null,
            "enclave_options": [
              {
                "enabled": false
              }
            ],
            "ephemeral_block_device": [],
            "force_destroy": false,
            "get_password_data": false,
            "hibernation": false,
            "host_id": "",
            "host_resource_group_arn": null,
            "iam_instance_profile": "",
            "id": "i-0599c0c0b607c3c02",
            "instance_initiated_shutdown_behavior": "stop",
            "instance_lifecycle": "",
            "instance_market_options": [],
            "instance_state": "running",
            "instance_type": "t2.micro",
            "ipv6_address_count": 0,
            "ipv6_addresses": [],
            "key_name": "",
            "launch_template": [],
            "maintenance_options": [
              {
                "auto_recovery": "default"
              }
            ],
            "metadata_options": [
              {
                "http_endpoint": "enabled",
                "http_protocol_ipv6": "disabled",
                "http_put_response_hop_limit": 1,
                "http_tokens": "optional",
                "instance_metadata_tags": "disabled"
              }
            ],
            "monitoring": false,
            "network_interface": [],
            "outpost_arn": "",
            "password_data": "",
            "placement_group": "",
            "placement_group_id": "",
            "placement_partition_number": 0,
            "primary_network_interface": [
              {
                "delete_on_termination": true,
                "network_interface_id": "eni-061803123e99ed2fe"
              }
            ],
            "primary_network_interface_id": "eni-061803123e99ed2fe",
            "private_dns": "ip-172-31-3-152.us-west-2.compute.internal",
            "private_dns_name_options": [
              {
                "enable_resource_name_dns_a_record": false,
                "enable_resource_name_dns_aaaa_record": false,
                "hostname_type": "ip-name"
              }
            ],
            "private_ip": "172.31.3.152",
            "public_dns": "ec2-34-223-6-113.us-west-2.compute.amazonaws.com",
            "public_ip": "34.223.6.113",
            "region": "us-west-2",
            "root_block_device": [
              {
                "delete_on_termination": true,
                "device_name": "/dev/sda1",
                "encrypted": false,
                "iops": 100,
                "kms_key_id": "",
                "tags": {
                  "ca-creator": "student",
                  "ca-environment": "production",
                  "ca-environment-session-id": "2966359",
                  "ca-environment-session-uuid": "1896d4d8-d0da-42cf-b590-3792e8fa3f5f",
                  "ca-external-account-id": "62e3c19e9b5d8a005e6faddc",
                  "ca-external-user-id": "69bc9f84a12ad90f2846db50",
                  "ca-laboratory-id": "3423",
                  "ca-laboratory-uuid": "13b9f5fb-f86c-4590-9344-ff33fb9d110d",
                  "ca-persistent": "false",
                  "ca-scope": "lab"
                },
                "tags_all": {
                  "ca-creator": "student",
                  "ca-environment": "production",
                  "ca-environment-session-id": "2966359",
                  "ca-environment-session-uuid": "1896d4d8-d0da-42cf-b590-3792e8fa3f5f",
                  "ca-external-account-id": "62e3c19e9b5d8a005e6faddc",
                  "ca-external-user-id": "69bc9f84a12ad90f2846db50",
                  "ca-laboratory-id": "3423",
                  "ca-laboratory-uuid": "13b9f5fb-f86c-4590-9344-ff33fb9d110d",
                  "ca-persistent": "false",
                  "ca-scope": "lab"
                },
                "throughput": 0,
                "volume_id": "vol-03783efc231785aab",
                "volume_size": 10,
                "volume_type": "gp2"
              }
            ],
            "secondary_network_interface": [],
            "secondary_private_ips": [],
            "security_groups": [
              "default"
            ],
            "source_dest_check": true,
            "spot_instance_request_id": "",
            "subnet_id": "subnet-0eef95936d8398ff4",
            "tags": {
              "Environment": "Lab-D417",
              "Name": "Autojor-RedHat-Server-D",
              "Owner": "MayPwintPhyu_012334391",
              "ca-creator": "student",
              "ca-environment": "production",
              "ca-environment-session-id": "2966359",
              "ca-environment-session-uuid": "1896d4d8-d0da-42cf-b590-3792e8fa3f5f",
              "ca-external-account-id": "62e3c19e9b5d8a005e6faddc",
              "ca-external-user-id": "69bc9f84a12ad90f2846db50",
              "ca-laboratory-id": "3423",
              "ca-laboratory-uuid": "13b9f5fb-f86c-4590-9344-ff33fb9d110d",
              "ca-persistent": "false",
              "ca-scope": "lab"
            },
            "tags_all": {
              "Environment": "Lab-D417",
              "Name": "Autojor-RedHat-Server-D",
              "Owner": "MayPwintPhyu_012334391",
              "ca-creator": "student",
              "ca-environment": "production",
              "ca-environment-session-id": "2966359",
              "ca-environment-session-uuid": "1896d4d8-d0da-42cf-b590-3792e8fa3f5f",
              "ca-external-account-id": "62e3c19e9b5d8a005e6faddc",
              "ca-external-user-id": "69bc9f84a12ad90f2846db50",
              "ca-laboratory-id": "3423",
              "ca-laboratory-uuid": "13b9f5fb-f86c-4590-9344-ff33fb9d110d",
              "ca-persistent": "false",
              "ca-scope": "lab"
            },
            "tenancy": "default",
            "timeouts": null,
            "user_data": null,
            "user_data_base64": null,
            "user_data_replace_on_change": false,
            "volume_tags": null,
            "vpc_security_group_ids": [
              "sg-042f2cf3670b71638"
            ]
          },
          "sensitive_attributes": [],
          "identity_schema_version": 0,
          "identity": {
            "account_id": "930262561435",
            "id": "i-0599c0c0b607c3c02",
            "region": "us-west-2"
          },
          "private": "eyJlMmJmYjczMC1lY2FhLTExZTYtOGY4OC0zNDM2M2JjN2M0YzAiOnsiY3JlYXRlIjo2MDAwMDAwMDAwMDAsImRlbGV0ZSI6MTIwMDAwMDAwMDAwMCwicmVhZCI6OTAwMDAwMDAwMDAwLCJ1cGRhdGUiOjYwMDAwMDAwMDAwMH0sInNjaGVtYV92ZXJzaW9uIjoiMiJ9"
        }
      ]
    },
    {
      "mode": "managed",
      "type": "aws_instance",
      "name": "ubuntu_server",
      "provider": "provider[\"registry.terraform.io/hashicorp/aws\"]",
      "instances": [
        {
          "schema_version": 2,
          "attributes": {
            "ami": "ami-0786adace1541ca80",
            "arn": "arn:aws:ec2:us-west-2:930262561435:instance/i-0c8a2ef3d237c2723",
            "associate_public_ip_address": true,
            "availability_zone": "us-west-2c",
            "capacity_reservation_specification": [
              {
                "capacity_reservation_preference": "open",
                "capacity_reservation_target": []
              }
            ],
            "cpu_options": [
              {
                "amd_sev_snp": "",
                "core_count": 1,
                "nested_virtualization": "",
                "threads_per_core": 1
              }
            ],
            "credit_specification": [
              {
                "cpu_credits": "standard"
              }
            ],
            "disable_api_stop": false,
            "disable_api_termination": false,
            "ebs_block_device": [],
            "ebs_optimized": false,
            "enable_primary_ipv6": null,
            "enclave_options": [
              {
                "enabled": false
              }
            ],
            "ephemeral_block_device": [],
            "force_destroy": false,
            "get_password_data": false,
            "hibernation": false,
            "host_id": "",
            "host_resource_group_arn": null,
            "iam_instance_profile": "",
            "id": "i-0c8a2ef3d237c2723",
            "instance_initiated_shutdown_behavior": "stop",
            "instance_lifecycle": "",
            "instance_market_options": [],
            "instance_state": "running",
            "instance_type": "t2.micro",
            "ipv6_address_count": 0,
            "ipv6_addresses": [],
            "key_name": "",
            "launch_template": [],
            "maintenance_options": [
              {
                "auto_recovery": "default"
              }
            ],
            "metadata_options": [
              {
                "http_endpoint": "enabled",
                "http_protocol_ipv6": "disabled",
                "http_put_response_hop_limit": 2,
                "http_tokens": "required",
                "instance_metadata_tags": "disabled"
              }
            ],
            "monitoring": false,
            "network_interface": [],
            "outpost_arn": "",
            "password_data": "",
            "placement_group": "",
            "placement_group_id": "",
            "placement_partition_number": 0,
            "primary_network_interface": [
              {
                "delete_on_termination": true,
                "network_interface_id": "eni-0beb1de1ece6fad5c"
              }
            ],
            "primary_network_interface_id": "eni-0beb1de1ece6fad5c",
            "private_dns": "ip-172-31-4-168.us-west-2.compute.internal",
            "private_dns_name_options": [
              {
                "enable_resource_name_dns_a_record": false,
                "enable_resource_name_dns_aaaa_record": false,
                "hostname_type": "ip-name"
              }
            ],
            "private_ip": "172.31.4.168",
            "public_dns": "ec2-54-149-122-110.us-west-2.compute.amazonaws.com",
            "public_ip": "54.149.122.110",
            "region": "us-west-2",
            "root_block_device": [
              {
                "delete_on_termination": true,
                "device_name": "/dev/sda1",
                "encrypted": false,
                "iops": 100,
                "kms_key_id": "",
                "tags": {
                  "ca-creator": "student",
                  "ca-environment": "production",
                  "ca-environment-session-id": "2966359",
                  "ca-environment-session-uuid": "1896d4d8-d0da-42cf-b590-3792e8fa3f5f",
                  "ca-external-account-id": "62e3c19e9b5d8a005e6faddc",
                  "ca-external-user-id": "69bc9f84a12ad90f2846db50",
                  "ca-laboratory-id": "3423",
                  "ca-laboratory-uuid": "13b9f5fb-f86c-4590-9344-ff33fb9d110d",
                  "ca-persistent": "false",
                  "ca-scope": "lab"
                },
                "tags_all": {
                  "ca-creator": "student",
                  "ca-environment": "production",
                  "ca-environment-session-id": "2966359",
                  "ca-environment-session-uuid": "1896d4d8-d0da-42cf-b590-3792e8fa3f5f",
                  "ca-external-account-id": "62e3c19e9b5d8a005e6faddc",
                  "ca-external-user-id": "69bc9f84a12ad90f2846db50",
                  "ca-laboratory-id": "3423",
                  "ca-laboratory-uuid": "13b9f5fb-f86c-4590-9344-ff33fb9d110d",
                  "ca-persistent": "false",
                  "ca-scope": "lab"
                },
                "throughput": 0,
                "volume_id": "vol-0ebfc26c3c2a4b5cd",
                "volume_size": 8,
                "volume_type": "gp2"
              }
            ],
            "secondary_network_interface": [],
            "secondary_private_ips": [],
            "security_groups": [
              "default"
            ],
            "source_dest_check": true,
            "spot_instance_request_id": "",
            "subnet_id": "subnet-0eef95936d8398ff4",
            "tags": {
              "Environment": "Lab-D417",
              "Name": "Autojar-Ubuntu-Server-C",
              "Owner": "MayPwintPhyu_012334391",
              "ca-creator": "student",
              "ca-environment": "production",
              "ca-environment-session-id": "2966359",
              "ca-environment-session-uuid": "1896d4d8-d0da-42cf-b590-3792e8fa3f5f",
              "ca-external-account-id": "62e3c19e9b5d8a005e6faddc",
              "ca-external-user-id": "69bc9f84a12ad90f2846db50",
              "ca-laboratory-id": "3423",
              "ca-laboratory-uuid": "13b9f5fb-f86c-4590-9344-ff33fb9d110d",
              "ca-persistent": "false",
              "ca-scope": "lab"
            },
            "tags_all": {
              "Environment": "Lab-D417",
              "Name": "Autojar-Ubuntu-Server-C",
              "Owner": "MayPwintPhyu_012334391",
              "ca-creator": "student",
              "ca-environment": "production",
              "ca-environment-session-id": "2966359",
              "ca-environment-session-uuid": "1896d4d8-d0da-42cf-b590-3792e8fa3f5f",
              "ca-external-account-id": "62e3c19e9b5d8a005e6faddc",
              "ca-external-user-id": "69bc9f84a12ad90f2846db50",
              "ca-laboratory-id": "3423",
              "ca-laboratory-uuid": "13b9f5fb-f86c-4590-9344-ff33fb9d110d",
              "ca-persistent": "false",
              "ca-scope": "lab"
            },
            "tenancy": "default",
            "timeouts": null,
            "user_data": null,
            "user_data_base64": null,
            "user_data_replace_on_change": false,
            "volume_tags": null,
            "vpc_security_group_ids": [
              "sg-042f2cf3670b71638"
            ]
          },
          "sensitive_attributes": [],
          "identity_schema_version": 0,
          "identity": {
            "account_id": "930262561435",
            "id": "i-0c8a2ef3d237c2723",
            "region": "us-west-2"
          },
          "private": "eyJlMmJmYjczMC1lY2FhLTExZTYtOGY4OC0zNDM2M2JjN2M0YzAiOnsiY3JlYXRlIjo2MDAwMDAwMDAwMDAsImRlbGV0ZSI6MTIwMDAwMDAwMDAwMCwicmVhZCI6OTAwMDAwMDAwMDAwLCJ1cGRhdGUiOjYwMDAwMDAwMDAwMH0sInNjaGVtYV92ZXJzaW9uIjoiMiJ9"
        }
      ]
    }
  ],
  "check_results": null
}
